
Microsoft Visual Studio Solution File, Format Version 12.00
# Visual Studio Version 16
VisualStudioVersion = 16.0.31321.278
MinimumVisualStudioVersion = 10.0.40219.1
Project("{FAE04EC0-301F-11D3-BF4B-00C04F79EFBC}") = "NoteDemoMVC", "NoteDemoMVC.csproj", "{CEF9B72D-8EF6-4602-8B18-6ABB34A74100}"
EndProject
Global
	GlobalSection(SolutionConfigurationPlatforms) = preSolution
		Debug|Any CPU = Debug|Any CPU
		Release|Any CPU = Release|Any CPU
	EndGlobalSection
	GlobalSection(ProjectConfigurationPlatforms) = postSolution
		{CEF9B72D-8EF6-4602-8B18-6ABB34A74100}.Debug|Any CPU.ActiveCfg = Debug|Any CPU
		{CEF9B72D-8EF6-4602-8B18-6ABB34A74100}.Debug|Any CPU.Build.0 = Debug|Any CPU
		{CEF9B72D-8EF6-4602-8B18-6ABB34A74100}.Release|Any CPU.ActiveCfg = Release|Any CPU
		{CEF9B72D-8EF6-4602-8B18-6ABB34A74100}.Release|Any CPU.Build.0 = Release|Any CPU
	EndGlobalSection
	GlobalSection(SolutionProperties) = preSolution
		HideSolutionNode = FALSE
	EndGlobalSection
	GlobalSection(ExtensibilityGlobals) = postSolution
		SolutionGuid = {A11FD1BE-871B-4FE9-8D34-EB63B0FF956E}
	EndGlobalSection
EndGlobal
